
Microsoft Visual Studio Solution File, Format Version 12.00
# Visual Studio Version 16
VisualStudioVersion = 16.0.30002.166
MinimumVisualStudioVersion = 10.0.40219.1
Project("{9A19103F-16F7-4668-BE54-9A1E7A4F7556}") = "FPSInventory", "FPSInventory\FPSInventory.csproj", "{E419DEC3-94C2-47D6-BBB3-BE725AD92298}"
EndProject
Global
	GlobalSection(SolutionConfigurationPlatforms) = preSolution
		Debug|Any CPU = Debug|Any CPU
		Release|Any CPU = Release|Any CPU
	EndGlobalSection
	GlobalSection(ProjectConfigurationPlatforms) = postSolution
		{E419DEC3-94C2-47D6-BBB3-BE725AD92298}.Debug|Any CPU.ActiveCfg = Debug|Any CPU
		{E419DEC3-94C2-47D6-BBB3-BE725AD92298}.Debug|Any CPU.Build.0 = Debug|Any CPU
		{E419DEC3-94C2-47D6-BBB3-BE725AD92298}.Release|Any CPU.ActiveCfg = Release|Any CPU
		{E419DEC3-94C2-47D6-BBB3-BE725AD92298}.Release|Any CPU.Build.0 = Release|Any CPU
	EndGlobalSection
	GlobalSection(SolutionProperties) = preSolution
		HideSolutionNode = FALSE
	EndGlobalSection
	GlobalSection(ExtensibilityGlobals) = postSolution
		SolutionGuid = {9AF77755-8495-421E-92A0-160E919CC88F}
	EndGlobalSection
EndGlobal
